
Microsoft Visual Studio Solution File, Format Version 12.00
# Visual Studio Version 17
VisualStudioVersion = 17.3.32825.248
MinimumVisualStudioVersion = 10.0.40219.1
Project("{FAE04EC0-301F-11D3-BF4B-00C04F79EFBC}") = "HalilPazarlamav2", "HalilPazarlamav2\HalilPazarlamav2.csproj", "{EFBDBD3A-F984-4C17-9E93-F8415FD53829}"
EndProject
Global
	GlobalSection(SolutionConfigurationPlatforms) = preSolution
		Debug|Any CPU = Debug|Any CPU
		Release|Any CPU = Release|Any CPU
	EndGlobalSection
	GlobalSection(ProjectConfigurationPlatforms) = postSolution
		{EFBDBD3A-F984-4C17-9E93-F8415FD53829}.Debug|Any CPU.ActiveCfg = Debug|Any CPU
		{EFBDBD3A-F984-4C17-9E93-F8415FD53829}.Debug|Any CPU.Build.0 = Debug|Any CPU
		{EFBDBD3A-F984-4C17-9E93-F8415FD53829}.Release|Any CPU.ActiveCfg = Release|Any CPU
		{EFBDBD3A-F984-4C17-9E93-F8415FD53829}.Release|Any CPU.Build.0 = Release|Any CPU
	EndGlobalSection
	GlobalSection(SolutionProperties) = preSolution
		HideSolutionNode = FALSE
	EndGlobalSection
	GlobalSection(ExtensibilityGlobals) = postSolution
		SolutionGuid = {38682C8E-E6EB-4094-839D-C749C75831CE}
	EndGlobalSection
EndGlobal
